
Microsoft Visual Studio Solution File, Format Version 12.00
# Visual Studio Version 17
VisualStudioVersion = 17.6.33815.320
MinimumVisualStudioVersion = 10.0.40219.1
Project("{FAE04EC0-301F-11D3-BF4B-00C04F79EFBC}") = "6T25_LoukaConstant_ACT12_POO", "6T25_LoukaConstant_ACT12_POO.csproj", "{4DCA6A4A-D30C-4B1F-8C34-E4424CC3FC81}"
EndProject
Global
	GlobalSection(SolutionConfigurationPlatforms) = preSolution
		Debug|Any CPU = Debug|Any CPU
		Release|Any CPU = Release|Any CPU
	EndGlobalSection
	GlobalSection(ProjectConfigurationPlatforms) = postSolution
		{4DCA6A4A-D30C-4B1F-8C34-E4424CC3FC81}.Debug|Any CPU.ActiveCfg = Debug|Any CPU
		{4DCA6A4A-D30C-4B1F-8C34-E4424CC3FC81}.Debug|Any CPU.Build.0 = Debug|Any CPU
		{4DCA6A4A-D30C-4B1F-8C34-E4424CC3FC81}.Release|Any CPU.ActiveCfg = Release|Any CPU
		{4DCA6A4A-D30C-4B1F-8C34-E4424CC3FC81}.Release|Any CPU.Build.0 = Release|Any CPU
	EndGlobalSection
	GlobalSection(SolutionProperties) = preSolution
		HideSolutionNode = FALSE
	EndGlobalSection
	GlobalSection(ExtensibilityGlobals) = postSolution
		SolutionGuid = {0A0562B2-B2DA-488E-AC2E-0520FB2BBB2C}
	EndGlobalSection
EndGlobal
